PODS:
  - AFNetworking (2.5.0):
    - AFNetworking/NSURLConnection (= 2.5.0)
    - AFNetworking/NSURLSession (= 2.5.0)
    - AFNetworking/Reachability (= 2.5.0)
    - AFNetworking/Security (= 2.5.0)
    - AFNetworking/Serialization (= 2.5.0)
    - AFNetworking/UIKit (= 2.5.0)
  - AFNetworking/NSURLConnection (2.5.0):
    - AFNetworking/Reachability
    - AFNetworking/Security
    - AFNetworking/Serialization
  - AFNetworking/NSURLSession (2.5.0):
    - AFNetworking/Reachability
    - AFNetworking/Security
    - AFNetworking/Serialization
  - AFNetworking/Reachability (2.5.0)
  - AFNetworking/Security (2.5.0)
  - AFNetworking/Serialization (2.5.0)
  - AFNetworking/UIKit (2.5.0):
    - AFNetworking/NSURLConnection
    - AFNetworking/NSURLSession
  - JTObjectMapping (1.1.2)
  - MBProgressHUD (0.9.1)
  - SQLitePersistentObject (0.3.1)
  - XMLDictionary (1.4)

DEPENDENCIES:
  - AFNetworking (= 2.5.0)
  - JTObjectMapping (~> 1.1.2)
  - MBProgressHUD (~> 0.9.1)
  - SQLitePersistentObject (~> 0.3.1)
  - XMLDictionary (~> 1.4)

SPEC CHECKSUMS:
  AFNetworking: 96ac9bf3eda33582701cb1fcc5b896aa1e20311e
  JTObjectMapping: 179cae6acadb27be5b7f5c019c216cb99d28e112
  MBProgressHUD: c47f2c166c126cf2ce36498d80f33e754d4e93ad
  SQLitePersistentObject: 9dad39d84f5a1ba1e2307bd6c0b2dcf63cfef187
  XMLDictionary: f9f51601ba76678b594ab485f2b00ec1fed23724

COCOAPODS: 0.36.1
